
Microsoft Visual Studio Solution File, Format Version 12.00
# Visual Studio 15
VisualStudioVersion = 15.0.28010.2048
MinimumVisualStudioVersion = 10.0.40219.1
Project("{9A19103F-16F7-4668-BE54-9A1E7A4F7556}") = "TestWeb", "TestWeb\TestWeb.csproj", "{308F26D5-20FD-4476-9C97-6002B8CA97BF}"
EndProject
Global
	GlobalSection(SolutionConfigurationPlatforms) = preSolution
		Debug|Any CPU = Debug|Any CPU
		Release|Any CPU = Release|Any CPU
	EndGlobalSection
	GlobalSection(ProjectConfigurationPlatforms) = postSolution
		{308F26D5-20FD-4476-9C97-6002B8CA97BF}.Debug|Any CPU.ActiveCfg = Debug|Any CPU
		{308F26D5-20FD-4476-9C97-6002B8CA97BF}.Debug|Any CPU.Build.0 = Debug|Any CPU
		{308F26D5-20FD-4476-9C97-6002B8CA97BF}.Release|Any CPU.ActiveCfg = Release|Any CPU
		{308F26D5-20FD-4476-9C97-6002B8CA97BF}.Release|Any CPU.Build.0 = Release|Any CPU
	EndGlobalSection
	GlobalSection(SolutionProperties) = preSolution
		HideSolutionNode = FALSE
	EndGlobalSection
	GlobalSection(ExtensibilityGlobals) = postSolution
		SolutionGuid = {EC6BE44F-3736-4105-9F31-60F0DA40E160}
	EndGlobalSection
EndGlobal
